
Microsoft Visual Studio Solution File, Format Version 12.00
# Visual Studio Version 17
VisualStudioVersion = 17.6.33723.286
MinimumVisualStudioVersion = 10.0.40219.1
Project("{FAE04EC0-301F-11D3-BF4B-00C04F79EFBC}") = "DotNetWebApp1", "DotNetWebApp1\DotNetWebApp1.csproj", "{BC3EAFBE-F557-4CA2-9A9F-7A8D53A7DAA7}"
EndProject
Global
	GlobalSection(SolutionConfigurationPlatforms) = preSolution
		Debug|Any CPU = Debug|Any CPU
		Release|Any CPU = Release|Any CPU
	EndGlobalSection
	GlobalSection(ProjectConfigurationPlatforms) = postSolution
		{BC3EAFBE-F557-4CA2-9A9F-7A8D53A7DAA7}.Debug|Any CPU.ActiveCfg = Debug|Any CPU
		{BC3EAFBE-F557-4CA2-9A9F-7A8D53A7DAA7}.Debug|Any CPU.Build.0 = Debug|Any CPU
		{BC3EAFBE-F557-4CA2-9A9F-7A8D53A7DAA7}.Release|Any CPU.ActiveCfg = Release|Any CPU
		{BC3EAFBE-F557-4CA2-9A9F-7A8D53A7DAA7}.Release|Any CPU.Build.0 = Release|Any CPU
	EndGlobalSection
	GlobalSection(SolutionProperties) = preSolution
		HideSolutionNode = FALSE
	EndGlobalSection
	GlobalSection(ExtensibilityGlobals) = postSolution
		SolutionGuid = {6E50CFA7-2D5B-48B4-9F9C-20F1E023E721}
	EndGlobalSection
EndGlobal
